
Microsoft Visual Studio Solution File, Format Version 12.00
# Visual Studio Version 17
VisualStudioVersion = 17.7.34024.191
MinimumVisualStudioVersion = 10.0.40219.1
Project("{FAE04EC0-301F-11D3-BF4B-00C04F79EFBC}") = "LatihanNotesApp", "LatihanNotesApp\LatihanNotesApp.csproj", "{C44E9350-059A-4695-B9B1-9B5B53C8DDBB}"
EndProject
Global
	GlobalSection(SolutionConfigurationPlatforms) = preSolution
		Debug|Any CPU = Debug|Any CPU
		Release|Any CPU = Release|Any CPU
	EndGlobalSection
	GlobalSection(ProjectConfigurationPlatforms) = postSolution
		{C44E9350-059A-4695-B9B1-9B5B53C8DDBB}.Debug|Any CPU.ActiveCfg = Debug|Any CPU
		{C44E9350-059A-4695-B9B1-9B5B53C8DDBB}.Debug|Any CPU.Build.0 = Debug|Any CPU
		{C44E9350-059A-4695-B9B1-9B5B53C8DDBB}.Release|Any CPU.ActiveCfg = Release|Any CPU
		{C44E9350-059A-4695-B9B1-9B5B53C8DDBB}.Release|Any CPU.Build.0 = Release|Any CPU
	EndGlobalSection
	GlobalSection(SolutionProperties) = preSolution
		HideSolutionNode = FALSE
	EndGlobalSection
	GlobalSection(ExtensibilityGlobals) = postSolution
		SolutionGuid = {0DD107F6-A34F-489C-8E7A-AAB5C82F7004}
	EndGlobalSection
EndGlobal
